
Microsoft Visual Studio Solution File, Format Version 12.00
# Visual Studio Version 16
VisualStudioVersion = 16.0.30907.101
MinimumVisualStudioVersion = 10.0.40219.1
Project("{9A19103F-16F7-4668-BE54-9A1E7A4F7556}") = "PlannerApp.Shared", "PlannerApp.Shared\PlannerApp.Shared.csproj", "{55FF4E72-B301-49D6-9C0F-BED092B47ED1}"
EndProject
Project("{9A19103F-16F7-4668-BE54-9A1E7A4F7556}") = "PlannerApp.Client", "PlannerApp.Client\PlannerApp.Client.csproj", "{B0252C83-F2E3-4A10-A3D6-DC43B4A4FFE7}"
EndProject
Global
	GlobalSection(SolutionConfigurationPlatforms) = preSolution
		Debug|Any CPU = Debug|Any CPU
		Release|Any CPU = Release|Any CPU
	EndGlobalSection
	GlobalSection(ProjectConfigurationPlatforms) = postSolution
		{55FF4E72-B301-49D6-9C0F-BED092B47ED1}.Debug|Any CPU.ActiveCfg = Debug|Any CPU
		{55FF4E72-B301-49D6-9C0F-BED092B47ED1}.Debug|Any CPU.Build.0 = Debug|Any CPU
		{55FF4E72-B301-49D6-9C0F-BED092B47ED1}.Release|Any CPU.ActiveCfg = Release|Any CPU
		{55FF4E72-B301-49D6-9C0F-BED092B47ED1}.Release|Any CPU.Build.0 = Release|Any CPU
		{B0252C83-F2E3-4A10-A3D6-DC43B4A4FFE7}.Debug|Any CPU.ActiveCfg = Debug|Any CPU
		{B0252C83-F2E3-4A10-A3D6-DC43B4A4FFE7}.Debug|Any CPU.Build.0 = Debug|Any CPU
		{B0252C83-F2E3-4A10-A3D6-DC43B4A4FFE7}.Release|Any CPU.ActiveCfg = Release|Any CPU
		{B0252C83-F2E3-4A10-A3D6-DC43B4A4FFE7}.Release|Any CPU.Build.0 = Release|Any CPU
	EndGlobalSection
	GlobalSection(SolutionProperties) = preSolution
		HideSolutionNode = FALSE
	EndGlobalSection
	GlobalSection(ExtensibilityGlobals) = postSolution
		SolutionGuid = {F1672E38-90B9-4A72-A169-AE225306C59D}
	EndGlobalSection
EndGlobal
